Microsoft Visual Studio Solution File, Format Version 11.00
# Visual Studio 2008

Project("{341C5D37-77C2-6BF2-5388-1CCCABF3388D}") = "BrickBash", "Assembly-CSharp.csproj", "{2B60EACF-014E-595F-C520-D9CCD9DE936C}"
EndProject
Global
	GlobalSection(SolutionConfigurationPlatforms) = preSolution
		Debug|Any CPU = Debug|Any CPU
		Release|Any CPU = Release|Any CPU
	EndGlobalSection
	GlobalSection(ProjectConfigurationPlatforms) = postSolution
		{2B60EACF-014E-595F-C520-D9CCD9DE936C}.Debug|Any CPU.ActiveCfg = Debug|Any CPU
		{2B60EACF-014E-595F-C520-D9CCD9DE936C}.Debug|Any CPU.Build.0 = Debug|Any CPU
		{2B60EACF-014E-595F-C520-D9CCD9DE936C}.Release|Any CPU.ActiveCfg = Release|Any CPU
		{2B60EACF-014E-595F-C520-D9CCD9DE936C}.Release|Any CPU.Build.0 = Release|Any CPU
	EndGlobalSection
	GlobalSection(SolutionProperties) = preSolution
		HideSolutionNode = FALSE
	EndGlobalSection
																					GlobalSection(MonoDevelopProperties) = preSolution
=======
															GlobalSection(MonoDevelopProperties) = preSolution
>>>>>>> 76fb7894ec11a235c0b6df36edf13a134f32b959
		StartupItem = Assembly-CSharp.csproj
		Policies = $0
		$0.TextStylePolicy = $1
		$1.inheritsSet = null
		$1.scope = text/x-csharp
		$0.CSharpFormattingPolicy = $2
		$2.inheritsSet = Mono
		$2.inheritsScope = text/x-csharp
		$2.scope = text/x-csharp
		$0.TextStylePolicy = $3
		$3.FileWidth = 120
		$3.TabWidth = 4
		$3.IndentWidth = 4
		$3.EolMarker = Unix
		$3.inheritsSet = Mono
		$3.inheritsScope = text/plain
		$3.scope = text/plain
	EndGlobalSection

EndGlobal
